
Microsoft Visual Studio Solution File, Format Version 12.00
# Visual Studio Version 17
VisualStudioVersion = 17.9.34902.65
MinimumVisualStudioVersion = 10.0.40219.1
Project("{FAE04EC0-301F-11D3-BF4B-00C04F79EFBC}") = "WindowsFormsApp1", "WindowsFormsApp1\WindowsFormsApp1.csproj", "{10F945F4-7C53-40E7-BE5D-C51A019F64B4}"
EndProject
Global
	GlobalSection(SolutionConfigurationPlatforms) = preSolution
		Debug|Any CPU = Debug|Any CPU
		Release|Any CPU = Release|Any CPU
	EndGlobalSection
	GlobalSection(ProjectConfigurationPlatforms) = postSolution
		{10F945F4-7C53-40E7-BE5D-C51A019F64B4}.Debug|Any CPU.ActiveCfg = Debug|Any CPU
		{10F945F4-7C53-40E7-BE5D-C51A019F64B4}.Debug|Any CPU.Build.0 = Debug|Any CPU
		{10F945F4-7C53-40E7-BE5D-C51A019F64B4}.Release|Any CPU.ActiveCfg = Release|Any CPU
		{10F945F4-7C53-40E7-BE5D-C51A019F64B4}.Release|Any CPU.Build.0 = Release|Any CPU
	EndGlobalSection
	GlobalSection(SolutionProperties) = preSolution
		HideSolutionNode = FALSE
	EndGlobalSection
	GlobalSection(ExtensibilityGlobals) = postSolution
		SolutionGuid = {AE582F5D-33EC-4ADF-A2FB-B93614E83E3A}
	EndGlobalSection
EndGlobal
